
Microsoft Visual Studio Solution File, Format Version 12.00
# Visual Studio Version 17
VisualStudioVersion = 17.0.31903.59
MinimumVisualStudioVersion = 10.0.40219.1
Project("{FAE04EC0-301F-11D3-BF4B-00C04F79EFBC}") = "oraora.test", "oraora.test\oraora.test.csproj", "{7D784513-3CD9-40EE-A4C3-E2462663614E}"
EndProject
Project("{FAE04EC0-301F-11D3-BF4B-00C04F79EFBC}") = "oraora", "oraora\oraora.csproj", "{31CE7593-4D7D-4335-9D83-0F017433FDD4}"
EndProject
Global
	GlobalSection(SolutionConfigurationPlatforms) = preSolution
		Debug|Any CPU = Debug|Any CPU
		Release|Any CPU = Release|Any CPU
	EndGlobalSection
	GlobalSection(SolutionProperties) = preSolution
		HideSolutionNode = FALSE
	EndGlobalSection
	GlobalSection(ProjectConfigurationPlatforms) = postSolution
		{7D784513-3CD9-40EE-A4C3-E2462663614E}.Debug|Any CPU.ActiveCfg = Debug|Any CPU
		{7D784513-3CD9-40EE-A4C3-E2462663614E}.Debug|Any CPU.Build.0 = Debug|Any CPU
		{7D784513-3CD9-40EE-A4C3-E2462663614E}.Release|Any CPU.ActiveCfg = Release|Any CPU
		{7D784513-3CD9-40EE-A4C3-E2462663614E}.Release|Any CPU.Build.0 = Release|Any CPU
		{31CE7593-4D7D-4335-9D83-0F017433FDD4}.Debug|Any CPU.ActiveCfg = Debug|Any CPU
		{31CE7593-4D7D-4335-9D83-0F017433FDD4}.Debug|Any CPU.Build.0 = Debug|Any CPU
		{31CE7593-4D7D-4335-9D83-0F017433FDD4}.Release|Any CPU.ActiveCfg = Release|Any CPU
		{31CE7593-4D7D-4335-9D83-0F017433FDD4}.Release|Any CPU.Build.0 = Release|Any CPU
	EndGlobalSection
EndGlobal
